
Microsoft Visual Studio Solution File, Format Version 12.00
# Visual Studio Version 16
VisualStudioVersion = 16.0.29911.84
MinimumVisualStudioVersion = 10.0.40219.1
Project("{9A19103F-16F7-4668-BE54-9A1E7A4F7556}") = "Register", "Register\Register.csproj", "{18526893-6911-4DB1-A297-9D024CE2AB8D}"
EndProject
Project("{FAE04EC0-301F-11D3-BF4B-00C04F79EFBC}") = "RegisterTest", "RegisterTest\RegisterTest.csproj", "{19CC7400-DC93-4A2A-A7B9-79AB6F7428C8}"
EndProject
Global
	GlobalSection(SolutionConfigurationPlatforms) = preSolution
		Debug|Any CPU = Debug|Any CPU
		Release|Any CPU = Release|Any CPU
	EndGlobalSection
	GlobalSection(ProjectConfigurationPlatforms) = postSolution
		{18526893-6911-4DB1-A297-9D024CE2AB8D}.Debug|Any CPU.ActiveCfg = Debug|Any CPU
		{18526893-6911-4DB1-A297-9D024CE2AB8D}.Debug|Any CPU.Build.0 = Debug|Any CPU
		{18526893-6911-4DB1-A297-9D024CE2AB8D}.Release|Any CPU.ActiveCfg = Release|Any CPU
		{18526893-6911-4DB1-A297-9D024CE2AB8D}.Release|Any CPU.Build.0 = Release|Any CPU
		{19CC7400-DC93-4A2A-A7B9-79AB6F7428C8}.Debug|Any CPU.ActiveCfg = Debug|Any CPU
		{19CC7400-DC93-4A2A-A7B9-79AB6F7428C8}.Debug|Any CPU.Build.0 = Debug|Any CPU
		{19CC7400-DC93-4A2A-A7B9-79AB6F7428C8}.Release|Any CPU.ActiveCfg = Release|Any CPU
		{19CC7400-DC93-4A2A-A7B9-79AB6F7428C8}.Release|Any CPU.Build.0 = Release|Any CPU
	EndGlobalSection
	GlobalSection(SolutionProperties) = preSolution
		HideSolutionNode = FALSE
	EndGlobalSection
	GlobalSection(ExtensibilityGlobals) = postSolution
		SolutionGuid = {EF7E9134-F384-4C32-B8AB-AA5BBC31714C}
	EndGlobalSection
EndGlobal
